Microsoft Visual Studio Solution File, Format Version 11.00
# Visual Studio 2010
Project("{8BC9CEB8-8B4A-11D0-8D11-00A0C91BC942}") = "ProofOfWork", "VSProjectFiles\ProofOfWork.vcxproj", "{78DE2AA5-4DEB-4601-AAB8-A3452BAC810C}"
EndProject
Project("{8BC9CEB8-8B4A-11D0-8D11-00A0C91BC942}") = "Md5String", "VSProjectFiles\Md5String.vcxproj", "{2F5CA1B6-92CC-4142-86AC-62FADFF0B834}"
EndProject
Project("{8BC9CEB8-8B4A-11D0-8D11-00A0C91BC942}") = "Rc4Output", "VSProjectFiles\Rc4Output.vcxproj", "{E5A739D1-4246-4FB1-8AA4-673068EDE33A}"
EndProject
Project("{8BC9CEB8-8B4A-11D0-8D11-00A0C91BC942}") = "Sha1String", "VSProjectFiles\Sha1String.vcxproj", "{B01EA8DA-3ABB-410A-B28E-8336467F94F8}"
EndProject
Project("{8BC9CEB8-8B4A-11D0-8D11-00A0C91BC942}") = "Sha256String", "VSProjectFiles\Sha256String.vcxproj", "{43164E66-9EA5-48E5-9708-6AF8C3642F6E}"
EndProject
Project("{8BC9CEB8-8B4A-11D0-8D11-00A0C91BC942}") = "Sha512String", "VSProjectFiles\Sha512String.vcxproj", "{FC8B119A-DF2A-48A6-B834-F1CDF80AECB6}"
EndProject
Project("{8BC9CEB8-8B4A-11D0-8D11-00A0C91BC942}") = "CryptLibTest", "VSProjectFiles\CryptLibTest.vcxproj", "{543C3780-F2F4-47BA-8263-278B911A73AC}"
EndProject
Global
	GlobalSection(SolutionConfigurationPlatforms) = preSolution
		Debug|Win32 = Debug|Win32
		Debug|x64 = Debug|x64
		Release|Win32 = Release|Win32
		Release|x64 = Release|x64
	EndGlobalSection
	GlobalSection(ProjectConfigurationPlatforms) = postSolution
		{78DE2AA5-4DEB-4601-AAB8-A3452BAC810C}.Debug|Win32.ActiveCfg = Debug|Win32
		{78DE2AA5-4DEB-4601-AAB8-A3452BAC810C}.Debug|Win32.Build.0 = Debug|Win32
		{78DE2AA5-4DEB-4601-AAB8-A3452BAC810C}.Debug|x64.ActiveCfg = Debug|x64
		{78DE2AA5-4DEB-4601-AAB8-A3452BAC810C}.Debug|x64.Build.0 = Debug|x64
		{78DE2AA5-4DEB-4601-AAB8-A3452BAC810C}.Release|Win32.ActiveCfg = Release|Win32
		{78DE2AA5-4DEB-4601-AAB8-A3452BAC810C}.Release|Win32.Build.0 = Release|Win32
		{78DE2AA5-4DEB-4601-AAB8-A3452BAC810C}.Release|x64.ActiveCfg = Release|x64
		{78DE2AA5-4DEB-4601-AAB8-A3452BAC810C}.Release|x64.Build.0 = Release|x64
		{2F5CA1B6-92CC-4142-86AC-62FADFF0B834}.Debug|Win32.ActiveCfg = Debug|Win32
		{2F5CA1B6-92CC-4142-86AC-62FADFF0B834}.Debug|Win32.Build.0 = Debug|Win32
		{2F5CA1B6-92CC-4142-86AC-62FADFF0B834}.Debug|x64.ActiveCfg = Debug|x64
		{2F5CA1B6-92CC-4142-86AC-62FADFF0B834}.Debug|x64.Build.0 = Debug|x64
		{2F5CA1B6-92CC-4142-86AC-62FADFF0B834}.Release|Win32.ActiveCfg = Release|Win32
		{2F5CA1B6-92CC-4142-86AC-62FADFF0B834}.Release|Win32.Build.0 = Release|Win32
		{2F5CA1B6-92CC-4142-86AC-62FADFF0B834}.Release|x64.ActiveCfg = Release|x64
		{2F5CA1B6-92CC-4142-86AC-62FADFF0B834}.Release|x64.Build.0 = Release|x64
		{E5A739D1-4246-4FB1-8AA4-673068EDE33A}.Debug|Win32.ActiveCfg = Debug|Win32
		{E5A739D1-4246-4FB1-8AA4-673068EDE33A}.Debug|Win32.Build.0 = Debug|Win32
		{E5A739D1-4246-4FB1-8AA4-673068EDE33A}.Debug|x64.ActiveCfg = Debug|x64
		{E5A739D1-4246-4FB1-8AA4-673068EDE33A}.Debug|x64.Build.0 = Debug|x64
		{E5A739D1-4246-4FB1-8AA4-673068EDE33A}.Release|Win32.ActiveCfg = Release|Win32
		{E5A739D1-4246-4FB1-8AA4-673068EDE33A}.Release|Win32.Build.0 = Release|Win32
		{E5A739D1-4246-4FB1-8AA4-673068EDE33A}.Release|x64.ActiveCfg = Release|x64
		{E5A739D1-4246-4FB1-8AA4-673068EDE33A}.Release|x64.Build.0 = Release|x64
		{B01EA8DA-3ABB-410A-B28E-8336467F94F8}.Debug|Win32.ActiveCfg = Debug|Win32
		{B01EA8DA-3ABB-410A-B28E-8336467F94F8}.Debug|Win32.Build.0 = Debug|Win32
		{B01EA8DA-3ABB-410A-B28E-8336467F94F8}.Debug|x64.ActiveCfg = Debug|x64
		{B01EA8DA-3ABB-410A-B28E-8336467F94F8}.Debug|x64.Build.0 = Debug|x64
		{B01EA8DA-3ABB-410A-B28E-8336467F94F8}.Release|Win32.ActiveCfg = Release|Win32
		{B01EA8DA-3ABB-410A-B28E-8336467F94F8}.Release|Win32.Build.0 = Release|Win32
		{B01EA8DA-3ABB-410A-B28E-8336467F94F8}.Release|x64.ActiveCfg = Release|x64
		{B01EA8DA-3ABB-410A-B28E-8336467F94F8}.Release|x64.Build.0 = Release|x64
		{43164E66-9EA5-48E5-9708-6AF8C3642F6E}.Debug|Win32.ActiveCfg = Debug|Win32
		{43164E66-9EA5-48E5-9708-6AF8C3642F6E}.Debug|Win32.Build.0 = Debug|Win32
		{43164E66-9EA5-48E5-9708-6AF8C3642F6E}.Debug|x64.ActiveCfg = Debug|x64
		{43164E66-9EA5-48E5-9708-6AF8C3642F6E}.Debug|x64.Build.0 = Debug|x64
		{43164E66-9EA5-48E5-9708-6AF8C3642F6E}.Release|Win32.ActiveCfg = Release|Win32
		{43164E66-9EA5-48E5-9708-6AF8C3642F6E}.Release|Win32.Build.0 = Release|Win32
		{43164E66-9EA5-48E5-9708-6AF8C3642F6E}.Release|x64.ActiveCfg = Release|x64
		{43164E66-9EA5-48E5-9708-6AF8C3642F6E}.Release|x64.Build.0 = Release|x64
		{FC8B119A-DF2A-48A6-B834-F1CDF80AECB6}.Debug|Win32.ActiveCfg = Debug|Win32
		{FC8B119A-DF2A-48A6-B834-F1CDF80AECB6}.Debug|Win32.Build.0 = Debug|Win32
		{FC8B119A-DF2A-48A6-B834-F1CDF80AECB6}.Debug|x64.ActiveCfg = Debug|x64
		{FC8B119A-DF2A-48A6-B834-F1CDF80AECB6}.Debug|x64.Build.0 = Debug|x64
		{FC8B119A-DF2A-48A6-B834-F1CDF80AECB6}.Release|Win32.ActiveCfg = Release|Win32
		{FC8B119A-DF2A-48A6-B834-F1CDF80AECB6}.Release|Win32.Build.0 = Release|Win32
		{FC8B119A-DF2A-48A6-B834-F1CDF80AECB6}.Release|x64.ActiveCfg = Release|x64
		{FC8B119A-DF2A-48A6-B834-F1CDF80AECB6}.Release|x64.Build.0 = Release|x64
		{543C3780-F2F4-47BA-8263-278B911A73AC}.Debug|Win32.ActiveCfg = Debug|Win32
		{543C3780-F2F4-47BA-8263-278B911A73AC}.Debug|Win32.Build.0 = Debug|Win32
		{543C3780-F2F4-47BA-8263-278B911A73AC}.Debug|x64.ActiveCfg = Debug|x64
		{543C3780-F2F4-47BA-8263-278B911A73AC}.Debug|x64.Build.0 = Debug|x64
		{543C3780-F2F4-47BA-8263-278B911A73AC}.Release|Win32.ActiveCfg = Release|Win32
		{543C3780-F2F4-47BA-8263-278B911A73AC}.Release|Win32.Build.0 = Release|Win32
		{543C3780-F2F4-47BA-8263-278B911A73AC}.Release|x64.ActiveCfg = Release|x64
		{543C3780-F2F4-47BA-8263-278B911A73AC}.Release|x64.Build.0 = Release|x64
	EndGlobalSection
	GlobalSection(SolutionProperties) = preSolution
		HideSolutionNode = FALSE
	EndGlobalSection
EndGlobal
